
Microsoft Visual Studio Solution File, Format Version 12.00
# Visual Studio Version 16
VisualStudioVersion = 16.0.31229.75
MinimumVisualStudioVersion = 10.0.40219.1
Project("{FAE04EC0-301F-11D3-BF4B-00C04F79EFBC}") = "login", "login.csproj", "{A94A3E8F-3C7E-4F1E-80D6-DF6AF0D3B090}"
EndProject
Global
	GlobalSection(SolutionConfigurationPlatforms) = preSolution
		Debug|Any CPU = Debug|Any CPU
		Release|Any CPU = Release|Any CPU
	EndGlobalSection
	GlobalSection(ProjectConfigurationPlatforms) = postSolution
		{A94A3E8F-3C7E-4F1E-80D6-DF6AF0D3B090}.Debug|Any CPU.ActiveCfg = Debug|Any CPU
		{A94A3E8F-3C7E-4F1E-80D6-DF6AF0D3B090}.Debug|Any CPU.Build.0 = Debug|Any CPU
		{A94A3E8F-3C7E-4F1E-80D6-DF6AF0D3B090}.Release|Any CPU.ActiveCfg = Release|Any CPU
		{A94A3E8F-3C7E-4F1E-80D6-DF6AF0D3B090}.Release|Any CPU.Build.0 = Release|Any CPU
	EndGlobalSection
	GlobalSection(SolutionProperties) = preSolution
		HideSolutionNode = FALSE
	EndGlobalSection
	GlobalSection(ExtensibilityGlobals) = postSolution
		SolutionGuid = {2A31B555-4CB6-4A78-A1EE-00A401AFE610}
	EndGlobalSection
EndGlobal
